
Microsoft Visual Studio Solution File, Format Version 12.00
# Visual Studio 2013
VisualStudioVersion = 12.0.21005.1
MinimumVisualStudioVersion = 10.0.40219.1
Project("{2150E333-8FDC-42A3-9474-1A3956D46DE8}") = "Solution Items", "Solution Items", "{40603956-509F-4CD8-BB08-85AE4C96A173}"
	ProjectSection(SolutionItems) = preProject
		Gruntfile.js = Gruntfile.js
		package.json = package.json
	EndProjectSection
EndProject
Project("{2150E333-8FDC-42A3-9474-1A3956D46DE8}") = "src", "src", "{29BEEA8C-9D90-4E50-AA20-5DE3320BFC9B}"
EndProject
Project("{FAE04EC0-301F-11D3-BF4B-00C04F79EFBC}") = "Core", "src\Core\Core.csproj", "{BCA6EBDE-298A-4D67-96A5-FDC5EABAB2F6}"
EndProject
Project("{FAE04EC0-301F-11D3-BF4B-00C04F79EFBC}") = "Web", "src\Web\Web.csproj", "{A62CD791-9589-4FE1-A715-7425585086FA}"
EndProject
Project("{2150E333-8FDC-42A3-9474-1A3956D46DE8}") = "test", "test", "{3290487C-16E2-4FD5-9C79-07C7F36D7F0E}"
EndProject
Global
	GlobalSection(SolutionConfigurationPlatforms) = preSolution
		Debug|Any CPU = Debug|Any CPU
		Release|Any CPU = Release|Any CPU
	EndGlobalSection
	GlobalSection(ProjectConfigurationPlatforms) = postSolution
		{BCA6EBDE-298A-4D67-96A5-FDC5EABAB2F6}.Debug|Any CPU.ActiveCfg = Debug|Any CPU
		{BCA6EBDE-298A-4D67-96A5-FDC5EABAB2F6}.Debug|Any CPU.Build.0 = Debug|Any CPU
		{BCA6EBDE-298A-4D67-96A5-FDC5EABAB2F6}.Release|Any CPU.ActiveCfg = Release|Any CPU
		{BCA6EBDE-298A-4D67-96A5-FDC5EABAB2F6}.Release|Any CPU.Build.0 = Release|Any CPU
		{A62CD791-9589-4FE1-A715-7425585086FA}.Debug|Any CPU.ActiveCfg = Debug|Any CPU
		{A62CD791-9589-4FE1-A715-7425585086FA}.Debug|Any CPU.Build.0 = Debug|Any CPU
		{A62CD791-9589-4FE1-A715-7425585086FA}.Release|Any CPU.ActiveCfg = Release|Any CPU
		{A62CD791-9589-4FE1-A715-7425585086FA}.Release|Any CPU.Build.0 = Release|Any CPU
	EndGlobalSection
	GlobalSection(SolutionProperties) = preSolution
		HideSolutionNode = FALSE
	EndGlobalSection
	GlobalSection(NestedProjects) = preSolution
		{BCA6EBDE-298A-4D67-96A5-FDC5EABAB2F6} = {29BEEA8C-9D90-4E50-AA20-5DE3320BFC9B}
		{A62CD791-9589-4FE1-A715-7425585086FA} = {29BEEA8C-9D90-4E50-AA20-5DE3320BFC9B}
	EndGlobalSection
EndGlobal
